
Microsoft Visual Studio Solution File, Format Version 12.00
# Visual Studio 15
VisualStudioVersion = 15.0.28307.136
MinimumVisualStudioVersion = 10.0.40219.1
Project("{FAE04EC0-301F-11D3-BF4B-00C04F79EFBC}") = "Some Collection", "Some Collection\Some Collection.csproj", "{09671324-9DBE-47B3-8B25-B4F40A7CCECA}"
EndProject
Global
	GlobalSection(SolutionConfigurationPlatforms) = preSolution
		Debug|Any CPU = Debug|Any CPU
		Release|Any CPU = Release|Any CPU
	EndGlobalSection
	GlobalSection(ProjectConfigurationPlatforms) = postSolution
		{09671324-9DBE-47B3-8B25-B4F40A7CCECA}.Debug|Any CPU.ActiveCfg = Debug|Any CPU
		{09671324-9DBE-47B3-8B25-B4F40A7CCECA}.Debug|Any CPU.Build.0 = Debug|Any CPU
		{09671324-9DBE-47B3-8B25-B4F40A7CCECA}.Release|Any CPU.ActiveCfg = Release|Any CPU
		{09671324-9DBE-47B3-8B25-B4F40A7CCECA}.Release|Any CPU.Build.0 = Release|Any CPU
	EndGlobalSection
	GlobalSection(SolutionProperties) = preSolution
		HideSolutionNode = FALSE
	EndGlobalSection
	GlobalSection(ExtensibilityGlobals) = postSolution
		SolutionGuid = {2FD0A701-FA18-4350-A21C-954D601D5CBE}
	EndGlobalSection
EndGlobal
