
Microsoft Visual Studio Solution File, Format Version 12.00
# Visual Studio 15
VisualStudioVersion = 15.0.28307.136
MinimumVisualStudioVersion = 10.0.40219.1
Project("{FAE04EC0-301F-11D3-BF4B-00C04F79EFBC}") = "Interface in c sharp", "Interface in c sharp\Interface in c sharp.csproj", "{BD863CBA-EF2D-45EB-B681-C1B3C3939336}"
EndProject
Global
	GlobalSection(SolutionConfigurationPlatforms) = preSolution
		Debug|Any CPU = Debug|Any CPU
		Release|Any CPU = Release|Any CPU
	EndGlobalSection
	GlobalSection(ProjectConfigurationPlatforms) = postSolution
		{BD863CBA-EF2D-45EB-B681-C1B3C3939336}.Debug|Any CPU.ActiveCfg = Debug|Any CPU
		{BD863CBA-EF2D-45EB-B681-C1B3C3939336}.Debug|Any CPU.Build.0 = Debug|Any CPU
		{BD863CBA-EF2D-45EB-B681-C1B3C3939336}.Release|Any CPU.ActiveCfg = Release|Any CPU
		{BD863CBA-EF2D-45EB-B681-C1B3C3939336}.Release|Any CPU.Build.0 = Release|Any CPU
	EndGlobalSection
	GlobalSection(SolutionProperties) = preSolution
		HideSolutionNode = FALSE
	EndGlobalSection
	GlobalSection(ExtensibilityGlobals) = postSolution
		SolutionGuid = {F4B7705D-D274-4514-861D-6E0FB0A974A7}
	EndGlobalSection
EndGlobal
