
Microsoft Visual Studio Solution File, Format Version 12.00
# Visual Studio 15
VisualStudioVersion = 15.0.28307.136
MinimumVisualStudioVersion = 10.0.40219.1
Project("{FAE04EC0-301F-11D3-BF4B-00C04F79EFBC}") = "Elements", "Elements\Elements.csproj", "{C6AEC2AC-735B-452D-8C02-235713998611}"
EndProject
Global
	GlobalSection(SolutionConfigurationPlatforms) = preSolution
		Debug|Any CPU = Debug|Any CPU
		Release|Any CPU = Release|Any CPU
	EndGlobalSection
	GlobalSection(ProjectConfigurationPlatforms) = postSolution
		{C6AEC2AC-735B-452D-8C02-235713998611}.Debug|Any CPU.ActiveCfg = Debug|Any CPU
		{C6AEC2AC-735B-452D-8C02-235713998611}.Debug|Any CPU.Build.0 = Debug|Any CPU
		{C6AEC2AC-735B-452D-8C02-235713998611}.Release|Any CPU.ActiveCfg = Release|Any CPU
		{C6AEC2AC-735B-452D-8C02-235713998611}.Release|Any CPU.Build.0 = Release|Any CPU
	EndGlobalSection
	GlobalSection(SolutionProperties) = preSolution
		HideSolutionNode = FALSE
	EndGlobalSection
	GlobalSection(ExtensibilityGlobals) = postSolution
		SolutionGuid = {1B602C47-C8D1-44AD-84DF-F4190E0EB9E8}
	EndGlobalSection
EndGlobal
